
Microsoft Visual Studio Solution File, Format Version 12.00
# Visual Studio 15
VisualStudioVersion = 15.0.28010.2026
MinimumVisualStudioVersion = 10.0.40219.1
Project("{8BC9CEB8-8B4A-11D0-8D11-00A0C91BC942}") = "ClientProject", "ClientProject\ClientProject.vcxproj", "{F8FF8407-F48F-4600-B344-4B6E1799C584}"
EndProject
Global
	GlobalSection(SolutionConfigurationPlatforms) = preSolution
		Debug|x64 = Debug|x64
		Debug|x86 = Debug|x86
		Release|x64 = Release|x64
		Release|x86 = Release|x86
	EndGlobalSection
	GlobalSection(ProjectConfigurationPlatforms) = postSolution
		{F8FF8407-F48F-4600-B344-4B6E1799C584}.Debug|x64.ActiveCfg = Debug|x64
		{F8FF8407-F48F-4600-B344-4B6E1799C584}.Debug|x64.Build.0 = Debug|x64
		{F8FF8407-F48F-4600-B344-4B6E1799C584}.Debug|x86.ActiveCfg = Debug|Win32
		{F8FF8407-F48F-4600-B344-4B6E1799C584}.Debug|x86.Build.0 = Debug|Win32
		{F8FF8407-F48F-4600-B344-4B6E1799C584}.Release|x64.ActiveCfg = Release|x64
		{F8FF8407-F48F-4600-B344-4B6E1799C584}.Release|x64.Build.0 = Release|x64
		{F8FF8407-F48F-4600-B344-4B6E1799C584}.Release|x86.ActiveCfg = Release|Win32
		{F8FF8407-F48F-4600-B344-4B6E1799C584}.Release|x86.Build.0 = Release|Win32
	EndGlobalSection
	GlobalSection(SolutionProperties) = preSolution
		HideSolutionNode = FALSE
	EndGlobalSection
	GlobalSection(ExtensibilityGlobals) = postSolution
		SolutionGuid = {798CDFB4-C1BE-4502-87B6-FF5392AEAA10}
	EndGlobalSection
EndGlobal
